{
  "name": "@krosoft/tooling-eslint-vue",
  "version": "0.0.1",
  "lockfileVersion": 3,
  "requires": true,
  "packages": {
    "": {
      "name": "@krosoft/tooling-eslint-vue",
      "version": "0.0.1",
      "peerDependencies": {
        "@krosoft/tooling-eslint": "*",
        "eslint": ">=9.0.0",
        "eslint-plugin-vue": ">=9.0.0",
        "typescript-eslint": ">=8.0.0"
      }
    }
  }
}
